# This file is automatically @generated by Cargo.
# It is not intended for manual editing.
version = 3

[[package]]
name = "alert-service"
version = "0.1.0"

[[package]]
name = "api-gateway"
version = "0.1.0"

[[package]]
name = "common"
version = "0.1.0"

[[package]]
name = "log-collector"
version = "0.1.0"

[[package]]
name = "log-processor"
version = "0.1.0"

[[package]]
name = "search-service"
version = "0.1.0"

[[package]]
name = "storage-service"
version = "0.1.0"
